
Microsoft Visual Studio Solution File, Format Version 12.00
# Visual Studio Version 16
VisualStudioVersion = 16.0.31402.337
MinimumVisualStudioVersion = 10.0.40219.1
Project("{FAE04EC0-301F-11D3-BF4B-00C04F79EFBC}") = "testeAPI", "testeAPI.csproj", "{3A2B99E5-9F9F-4D39-9970-95758E4D10EB}"
EndProject
Global
	GlobalSection(SolutionConfigurationPlatforms) = preSolution
		Debug|Any CPU = Debug|Any CPU
		Release|Any CPU = Release|Any CPU
	EndGlobalSection
	GlobalSection(ProjectConfigurationPlatforms) = postSolution
		{3A2B99E5-9F9F-4D39-9970-95758E4D10EB}.Debug|Any CPU.ActiveCfg = Debug|Any CPU
		{3A2B99E5-9F9F-4D39-9970-95758E4D10EB}.Debug|Any CPU.Build.0 = Debug|Any CPU
		{3A2B99E5-9F9F-4D39-9970-95758E4D10EB}.Release|Any CPU.ActiveCfg = Release|Any CPU
		{3A2B99E5-9F9F-4D39-9970-95758E4D10EB}.Release|Any CPU.Build.0 = Release|Any CPU
	EndGlobalSection
	GlobalSection(SolutionProperties) = preSolution
		HideSolutionNode = FALSE
	EndGlobalSection
	GlobalSection(ExtensibilityGlobals) = postSolution
		SolutionGuid = {0428FF37-D152-49E9-B1B9-11F19764D7BB}
	EndGlobalSection
EndGlobal
